
Microsoft Visual Studio Solution File, Format Version 12.00
# Visual Studio 15
VisualStudioVersion = 15.0.28307.1082
MinimumVisualStudioVersion = 10.0.40219.1
Project("{FAE04EC0-301F-11D3-BF4B-00C04F79EFBC}") = "DVL_Portal.Android", "DVL_Portal\DVL_Portal.Android\DVL_Portal.Android.csproj", "{1DBF3E30-FF59-4A45-A97C-7893926A0490}"
EndProject
Project("{FAE04EC0-301F-11D3-BF4B-00C04F79EFBC}") = "DVL_Portal.iOS", "DVL_Portal\DVL_Portal.iOS\DVL_Portal.iOS.csproj", "{D1101920-9122-496C-B4CF-17FAAA68B5B5}"
EndProject
Project("{FAE04EC0-301F-11D3-BF4B-00C04F79EFBC}") = "DVL_Portal", "DVL_Portal\DVL_Portal\DVL_Portal.csproj", "{A3103A28-EF15-49C3-B1F3-ED721DBA7686}"
EndProject
Global
	GlobalSection(SolutionConfigurationPlatforms) = preSolution
		Ad-Hoc|Any CPU = Ad-Hoc|Any CPU
		Ad-Hoc|iPhone = Ad-Hoc|iPhone
		Ad-Hoc|iPhoneSimulator = Ad-Hoc|iPhoneSimulator
		AppStore|Any CPU = AppStore|Any CPU
		AppStore|iPhone = AppStore|iPhone
		AppStore|iPhoneSimulator = AppStore|iPhoneSimulator
		Debug|Any CPU = Debug|Any CPU
		Debug|iPhone = Debug|iPhone
		Debug|iPhoneSimulator = Debug|iPhoneSimulator
		Release|Any CPU = Release|Any CPU
		Release|iPhone = Release|iPhone
		Release|iPhoneSimulator = Release|iPhoneSimulator
	EndGlobalSection
	GlobalSection(ProjectConfigurationPlatforms) = postSolution
		{1DBF3E30-FF59-4A45-A97C-7893926A0490}.Ad-Hoc|Any CPU.ActiveCfg = Release|Any CPU
		{1DBF3E30-FF59-4A45-A97C-7893926A0490}.Ad-Hoc|Any CPU.Build.0 = Release|Any CPU
		{1DBF3E30-FF59-4A45-A97C-7893926A0490}.Ad-Hoc|Any CPU.Deploy.0 = Release|Any CPU
		{1DBF3E30-FF59-4A45-A97C-7893926A0490}.Ad-Hoc|iPhone.ActiveCfg = Release|Any CPU
		{1DBF3E30-FF59-4A45-A97C-7893926A0490}.Ad-Hoc|iPhone.Build.0 = Release|Any CPU
		{1DBF3E30-FF59-4A45-A97C-7893926A0490}.Ad-Hoc|iPhone.Deploy.0 = Release|Any CPU
		{1DBF3E30-FF59-4A45-A97C-7893926A0490}.Ad-Hoc|iPhoneSimulator.ActiveCfg = Release|Any CPU
		{1DBF3E30-FF59-4A45-A97C-7893926A0490}.Ad-Hoc|iPhoneSimulator.Build.0 = Release|Any CPU
		{1DBF3E30-FF59-4A45-A97C-7893926A0490}.Ad-Hoc|iPhoneSimulator.Deploy.0 = Release|Any CPU
		{1DBF3E30-FF59-4A45-A97C-7893926A0490}.AppStore|Any CPU.ActiveCfg = Release|Any CPU
		{1DBF3E30-FF59-4A45-A97C-7893926A0490}.AppStore|Any CPU.Build.0 = Release|Any CPU
		{1DBF3E30-FF59-4A45-A97C-7893926A0490}.AppStore|Any CPU.Deploy.0 = Release|Any CPU
		{1DBF3E30-FF59-4A45-A97C-7893926A0490}.AppStore|iPhone.ActiveCfg = Release|Any CPU
		{1DBF3E30-FF59-4A45-A97C-7893926A0490}.AppStore|iPhone.Build.0 = Release|Any CPU
		{1DBF3E30-FF59-4A45-A97C-7893926A0490}.AppStore|iPhone.Deploy.0 = Release|Any CPU
		{1DBF3E30-FF59-4A45-A97C-7893926A0490}.AppStore|iPhoneSimulator.ActiveCfg = Release|Any CPU
		{1DBF3E30-FF59-4A45-A97C-7893926A0490}.AppStore|iPhoneSimulator.Build.0 = Release|Any CPU
		{1DBF3E30-FF59-4A45-A97C-7893926A0490}.AppStore|iPhoneSimulator.Deploy.0 = Release|Any CPU
		{1DBF3E30-FF59-4A45-A97C-7893926A0490}.Debug|Any CPU.ActiveCfg = Debug|Any CPU
		{1DBF3E30-FF59-4A45-A97C-7893926A0490}.Debug|Any CPU.Build.0 = Debug|Any CPU
		{1DBF3E30-FF59-4A45-A97C-7893926A0490}.Debug|Any CPU.Deploy.0 = Debug|Any CPU
		{1DBF3E30-FF59-4A45-A97C-7893926A0490}.Debug|iPhone.ActiveCfg = Debug|Any CPU
		{1DBF3E30-FF59-4A45-A97C-7893926A0490}.Debug|iPhone.Build.0 = Debug|Any CPU
		{1DBF3E30-FF59-4A45-A97C-7893926A0490}.Debug|iPhone.Deploy.0 = Debug|Any CPU
		{1DBF3E30-FF59-4A45-A97C-7893926A0490}.Debug|iPhoneSimulator.ActiveCfg = Debug|Any CPU
		{1DBF3E30-FF59-4A45-A97C-7893926A0490}.Debug|iPhoneSimulator.Build.0 = Debug|Any CPU
		{1DBF3E30-FF59-4A45-A97C-7893926A0490}.Debug|iPhoneSimulator.Deploy.0 = Debug|Any CPU
		{1DBF3E30-FF59-4A45-A97C-7893926A0490}.Release|Any CPU.ActiveCfg = Release|Any CPU
		{1DBF3E30-FF59-4A45-A97C-7893926A0490}.Release|Any CPU.Build.0 = Release|Any CPU
		{1DBF3E30-FF59-4A45-A97C-7893926A0490}.Release|Any CPU.Deploy.0 = Release|Any CPU
		{1DBF3E30-FF59-4A45-A97C-7893926A0490}.Release|iPhone.ActiveCfg = Release|Any CPU
		{1DBF3E30-FF59-4A45-A97C-7893926A0490}.Release|iPhone.Build.0 = Release|Any CPU
		{1DBF3E30-FF59-4A45-A97C-7893926A0490}.Release|iPhone.Deploy.0 = Release|Any CPU
		{1DBF3E30-FF59-4A45-A97C-7893926A0490}.Release|iPhoneSimulator.ActiveCfg = Release|Any CPU
		{1DBF3E30-FF59-4A45-A97C-7893926A0490}.Release|iPhoneSimulator.Build.0 = Release|Any CPU
		{1DBF3E30-FF59-4A45-A97C-7893926A0490}.Release|iPhoneSimulator.Deploy.0 = Release|Any CPU
		{D1101920-9122-496C-B4CF-17FAAA68B5B5}.Ad-Hoc|Any CPU.ActiveCfg = Ad-Hoc|iPhone
		{D1101920-9122-496C-B4CF-17FAAA68B5B5}.Ad-Hoc|Any CPU.Build.0 = Ad-Hoc|iPhone
		{D1101920-9122-496C-B4CF-17FAAA68B5B5}.Ad-Hoc|Any CPU.Deploy.0 = Ad-Hoc|iPhone
		{D1101920-9122-496C-B4CF-17FAAA68B5B5}.Ad-Hoc|iPhone.ActiveCfg = Ad-Hoc|iPhone
		{D1101920-9122-496C-B4CF-17FAAA68B5B5}.Ad-Hoc|iPhone.Build.0 = Ad-Hoc|iPhone
		{D1101920-9122-496C-B4CF-17FAAA68B5B5}.Ad-Hoc|iPhone.Deploy.0 = Ad-Hoc|iPhone
		{D1101920-9122-496C-B4CF-17FAAA68B5B5}.Ad-Hoc|iPhoneSimulator.ActiveCfg = Ad-Hoc|iPhoneSimulator
		{D1101920-9122-496C-B4CF-17FAAA68B5B5}.Ad-Hoc|iPhoneSimulator.Build.0 = Ad-Hoc|iPhoneSimulator
		{D1101920-9122-496C-B4CF-17FAAA68B5B5}.Ad-Hoc|iPhoneSimulator.Deploy.0 = Ad-Hoc|iPhoneSimulator
		{D1101920-9122-496C-B4CF-17FAAA68B5B5}.AppStore|Any CPU.ActiveCfg = AppStore|iPhone
		{D1101920-9122-496C-B4CF-17FAAA68B5B5}.AppStore|Any CPU.Build.0 = AppStore|iPhone
		{D1101920-9122-496C-B4CF-17FAAA68B5B5}.AppStore|Any CPU.Deploy.0 = AppStore|iPhone
		{D1101920-9122-496C-B4CF-17FAAA68B5B5}.AppStore|iPhone.ActiveCfg = AppStore|iPhone
		{D1101920-9122-496C-B4CF-17FAAA68B5B5}.AppStore|iPhone.Build.0 = AppStore|iPhone
		{D1101920-9122-496C-B4CF-17FAAA68B5B5}.AppStore|iPhone.Deploy.0 = AppStore|iPhone
		{D1101920-9122-496C-B4CF-17FAAA68B5B5}.AppStore|iPhoneSimulator.ActiveCfg = AppStore|iPhoneSimulator
		{D1101920-9122-496C-B4CF-17FAAA68B5B5}.AppStore|iPhoneSimulator.Build.0 = AppStore|iPhoneSimulator
		{D1101920-9122-496C-B4CF-17FAAA68B5B5}.AppStore|iPhoneSimulator.Deploy.0 = AppStore|iPhoneSimulator
		{D1101920-9122-496C-B4CF-17FAAA68B5B5}.Debug|Any CPU.ActiveCfg = Debug|iPhoneSimulator
		{D1101920-9122-496C-B4CF-17FAAA68B5B5}.Debug|Any CPU.Build.0 = Debug|iPhoneSimulator
		{D1101920-9122-496C-B4CF-17FAAA68B5B5}.Debug|Any CPU.Deploy.0 = Debug|iPhoneSimulator
		{D1101920-9122-496C-B4CF-17FAAA68B5B5}.Debug|iPhone.ActiveCfg = Debug|iPhone
		{D1101920-9122-496C-B4CF-17FAAA68B5B5}.Debug|iPhone.Build.0 = Debug|iPhone
		{D1101920-9122-496C-B4CF-17FAAA68B5B5}.Debug|iPhone.Deploy.0 = Debug|iPhone
		{D1101920-9122-496C-B4CF-17FAAA68B5B5}.Debug|iPhoneSimulator.ActiveCfg = Debug|iPhoneSimulator
		{D1101920-9122-496C-B4CF-17FAAA68B5B5}.Debug|iPhoneSimulator.Build.0 = Debug|iPhoneSimulator
		{D1101920-9122-496C-B4CF-17FAAA68B5B5}.Debug|iPhoneSimulator.Deploy.0 = Debug|iPhoneSimulator
		{D1101920-9122-496C-B4CF-17FAAA68B5B5}.Release|Any CPU.ActiveCfg = Release|iPhone
		{D1101920-9122-496C-B4CF-17FAAA68B5B5}.Release|Any CPU.Build.0 = Release|iPhone
		{D1101920-9122-496C-B4CF-17FAAA68B5B5}.Release|Any CPU.Deploy.0 = Release|iPhone
		{D1101920-9122-496C-B4CF-17FAAA68B5B5}.Release|iPhone.ActiveCfg = Release|iPhone
		{D1101920-9122-496C-B4CF-17FAAA68B5B5}.Release|iPhone.Build.0 = Release|iPhone
		{D1101920-9122-496C-B4CF-17FAAA68B5B5}.Release|iPhone.Deploy.0 = Release|iPhone
		{D1101920-9122-496C-B4CF-17FAAA68B5B5}.Release|iPhoneSimulator.ActiveCfg = Release|iPhoneSimulator
		{D1101920-9122-496C-B4CF-17FAAA68B5B5}.Release|iPhoneSimulator.Build.0 = Release|iPhoneSimulator
		{D1101920-9122-496C-B4CF-17FAAA68B5B5}.Release|iPhoneSimulator.Deploy.0 = Release|iPhoneSimulator
		{A3103A28-EF15-49C3-B1F3-ED721DBA7686}.Ad-Hoc|Any CPU.ActiveCfg = Debug|Any CPU
		{A3103A28-EF15-49C3-B1F3-ED721DBA7686}.Ad-Hoc|Any CPU.Build.0 = Debug|Any CPU
		{A3103A28-EF15-49C3-B1F3-ED721DBA7686}.Ad-Hoc|Any CPU.Deploy.0 = Debug|Any CPU
		{A3103A28-EF15-49C3-B1F3-ED721DBA7686}.Ad-Hoc|iPhone.ActiveCfg = Debug|Any CPU
		{A3103A28-EF15-49C3-B1F3-ED721DBA7686}.Ad-Hoc|iPhone.Build.0 = Debug|Any CPU
		{A3103A28-EF15-49C3-B1F3-ED721DBA7686}.Ad-Hoc|iPhone.Deploy.0 = Debug|Any CPU
		{A3103A28-EF15-49C3-B1F3-ED721DBA7686}.Ad-Hoc|iPhoneSimulator.ActiveCfg = Debug|Any CPU
		{A3103A28-EF15-49C3-B1F3-ED721DBA7686}.Ad-Hoc|iPhoneSimulator.Build.0 = Debug|Any CPU
		{A3103A28-EF15-49C3-B1F3-ED721DBA7686}.Ad-Hoc|iPhoneSimulator.Deploy.0 = Debug|Any CPU
		{A3103A28-EF15-49C3-B1F3-ED721DBA7686}.AppStore|Any CPU.ActiveCfg = Debug|Any CPU
		{A3103A28-EF15-49C3-B1F3-ED721DBA7686}.AppStore|Any CPU.Build.0 = Debug|Any CPU
		{A3103A28-EF15-49C3-B1F3-ED721DBA7686}.AppStore|Any CPU.Deploy.0 = Debug|Any CPU
		{A3103A28-EF15-49C3-B1F3-ED721DBA7686}.AppStore|iPhone.ActiveCfg = Debug|Any CPU
		{A3103A28-EF15-49C3-B1F3-ED721DBA7686}.AppStore|iPhone.Build.0 = Debug|Any CPU
		{A3103A28-EF15-49C3-B1F3-ED721DBA7686}.AppStore|iPhone.Deploy.0 = Debug|Any CPU
		{A3103A28-EF15-49C3-B1F3-ED721DBA7686}.AppStore|iPhoneSimulator.ActiveCfg = Debug|Any CPU
		{A3103A28-EF15-49C3-B1F3-ED721DBA7686}.AppStore|iPhoneSimulator.Build.0 = Debug|Any CPU
		{A3103A28-EF15-49C3-B1F3-ED721DBA7686}.AppStore|iPhoneSimulator.Deploy.0 = Debug|Any CPU
		{A3103A28-EF15-49C3-B1F3-ED721DBA7686}.Debug|Any CPU.ActiveCfg = Debug|Any CPU
		{A3103A28-EF15-49C3-B1F3-ED721DBA7686}.Debug|Any CPU.Build.0 = Debug|Any CPU
		{A3103A28-EF15-49C3-B1F3-ED721DBA7686}.Debug|Any CPU.Deploy.0 = Debug|Any CPU
		{A3103A28-EF15-49C3-B1F3-ED721DBA7686}.Debug|iPhone.ActiveCfg = Debug|Any CPU
		{A3103A28-EF15-49C3-B1F3-ED721DBA7686}.Debug|iPhone.Build.0 = Debug|Any CPU
		{A3103A28-EF15-49C3-B1F3-ED721DBA7686}.Debug|iPhone.Deploy.0 = Debug|Any CPU
		{A3103A28-EF15-49C3-B1F3-ED721DBA7686}.Debug|iPhoneSimulator.ActiveCfg = Debug|Any CPU
		{A3103A28-EF15-49C3-B1F3-ED721DBA7686}.Debug|iPhoneSimulator.Build.0 = Debug|Any CPU
		{A3103A28-EF15-49C3-B1F3-ED721DBA7686}.Debug|iPhoneSimulator.Deploy.0 = Debug|Any CPU
		{A3103A28-EF15-49C3-B1F3-ED721DBA7686}.Release|Any CPU.ActiveCfg = Release|Any CPU
		{A3103A28-EF15-49C3-B1F3-ED721DBA7686}.Release|Any CPU.Build.0 = Release|Any CPU
		{A3103A28-EF15-49C3-B1F3-ED721DBA7686}.Release|Any CPU.Deploy.0 = Release|Any CPU
		{A3103A28-EF15-49C3-B1F3-ED721DBA7686}.Release|iPhone.ActiveCfg = Release|Any CPU
		{A3103A28-EF15-49C3-B1F3-ED721DBA7686}.Release|iPhone.Build.0 = Release|Any CPU
		{A3103A28-EF15-49C3-B1F3-ED721DBA7686}.Release|iPhone.Deploy.0 = Release|Any CPU
		{A3103A28-EF15-49C3-B1F3-ED721DBA7686}.Release|iPhoneSimulator.ActiveCfg = Release|Any CPU
		{A3103A28-EF15-49C3-B1F3-ED721DBA7686}.Release|iPhoneSimulator.Build.0 = Release|Any CPU
		{A3103A28-EF15-49C3-B1F3-ED721DBA7686}.Release|iPhoneSimulator.Deploy.0 = Release|Any CPU
	EndGlobalSection
	GlobalSection(SolutionProperties) = preSolution
		HideSolutionNode = FALSE
	EndGlobalSection
	GlobalSection(ExtensibilityGlobals) = postSolution
		SolutionGuid = {53F52EB1-BF9F-494B-A51F-BD5B953F0BBA}
	EndGlobalSection
EndGlobal
